
Microsoft Visual Studio Solution File, Format Version 12.00
# Visual Studio Version 17
VisualStudioVersion = 17.2.32630.192
MinimumVisualStudioVersion = 10.0.40219.1
Project("{FAE04EC0-301F-11D3-BF4B-00C04F79EFBC}") = "Viagogo", "Viagogo\Viagogo.csproj", "{9780C768-607F-4A37-B44C-76F32A4688E6}"
EndProject
Global
	GlobalSection(SolutionConfigurationPlatforms) = preSolution
		Debug|Any CPU = Debug|Any CPU
		Release|Any CPU = Release|Any CPU
	EndGlobalSection
	GlobalSection(ProjectConfigurationPlatforms) = postSolution
		{9780C768-607F-4A37-B44C-76F32A4688E6}.Debug|Any CPU.ActiveCfg = Debug|Any CPU
		{9780C768-607F-4A37-B44C-76F32A4688E6}.Debug|Any CPU.Build.0 = Debug|Any CPU
		{9780C768-607F-4A37-B44C-76F32A4688E6}.Release|Any CPU.ActiveCfg = Release|Any CPU
		{9780C768-607F-4A37-B44C-76F32A4688E6}.Release|Any CPU.Build.0 = Release|Any CPU
	EndGlobalSection
	GlobalSection(SolutionProperties) = preSolution
		HideSolutionNode = FALSE
	EndGlobalSection
	GlobalSection(ExtensibilityGlobals) = postSolution
		SolutionGuid = {063CB50A-4C3C-45FA-AFD0-EE441CA75481}
	EndGlobalSection
EndGlobal
